// !$*UTF8*$!
{
	archiveVersion = 1;
	classes = {
	};
	objectVersion = 50;
	objects = {

/* Begin PBXBuildFile section */
		ADC2F12023C9D482005E376E /* AppDelegate.swift in Sources */ = {isa = PBXBuildFile; fileRef = ADC2F11F23C9D482005E376E /* AppDelegate.swift */; };
		ADC2F12223C9D482005E376E /* ViewController.swift in Sources */ = {isa = PBXBuildFile; fileRef = ADC2F12123C9D482005E376E /* ViewController.swift */; };
		ADC2F12523C9D482005E376E /* Main.storyboard in Resources */ = {isa = PBXBuildFile; fileRef = ADC2F12323C9D482005E376E /* Main.storyboard */; };
		ADC2F12723C9D484005E376E /* Assets.xcassets in Resources */ = {isa = PBXBuildFile; fileRef = ADC2F12623C9D484005E376E /* Assets.xcassets */; };
		ADC2F12A23C9D484005E376E /* LaunchScreen.storyboard in Resources */ = {isa = PBXBuildFile; fileRef = ADC2F12823C9D484005E376E /* LaunchScreen.storyboard */; };
		ADC2F13523C9D484005E376E /* My_projectTests.swift in Sources */ = {isa = PBXBuildFile; fileRef = ADC2F13423C9D484005E376E /* My_projectTests.swift */; };
		ADC2F14023C9D484005E376E /* My_projectUITests.swift in Sources */ = {isa = PBXBuildFile; fileRef = ADC2F13F23C9D484005E376E /* My_projectUITests.swift */; };
		ADC2F16A23E5868D005E376E /* c.jpg in Resources */ = {isa = PBXBuildFile; fileRef = ADC2F16323E5868D005E376E /* c.jpg */; };
		ADC2F16B23E5868D005E376E /* g.jpg in Resources */ = {isa = PBXBuildFile; fileRef = ADC2F16423E5868D005E376E /* g.jpg */; };
		ADC2F16C23E5868D005E376E /* f.jpg in Resources */ = {isa = PBXBuildFile; fileRef = ADC2F16523E5868D005E376E /* f.jpg */; };
		ADC2F16D23E5868D005E376E /* a.jpg in Resources */ = {isa = PBXBuildFile; fileRef = ADC2F16623E5868D005E376E /* a.jpg */; };
		ADC2F16E23E5868D005E376E /* e.jpg in Resources */ = {isa = PBXBuildFile; fileRef = ADC2F16723E5868D005E376E /* e.jpg */; };
		ADC2F16F23E5868D005E376E /* d.jpg in Resources */ = {isa = PBXBuildFile; fileRef = ADC2F16823E5868D005E376E /* d.jpg */; };
		ADC2F17023E5868D005E376E /* b.jpg in Resources */ = {isa = PBXBuildFile; fileRef = ADC2F16923E5868D005E376E /* b.jpg */; };
/* End PBXBuildFile section */

/* Begin PBXContainerItemProxy section */
		ADC2F13123C9D484005E376E /* PBXContainerItemProxy */ = {
			isa = PBXContainerItemProxy;
			containerPortal = ADC2F11423C9D482005E376E /* Project object */;
			proxyType = 1;
			remoteGlobalIDString = ADC2F11B23C9D482005E376E;
			remoteInfo = "My project";
		};
		ADC2F13C23C9D484005E376E /* PBXContainerItemProxy */ = {
			isa = PBXContainerItemProxy;
			containerPortal = ADC2F11423C9D482005E376E /* Project object */;
			proxyType = 1;
			remoteGlobalIDString = ADC2F11B23C9D482005E376E;
			remoteInfo = "My project";
		};
/* End PBXContainerItemProxy section */

/* Begin PBXFileReference section */
		ADC2F11C23C9D482005E376E /* My project.app */ = {isa = PBXFileReference; explicitFileType = wrapper.application; includeInIndex = 0; path = "My project.app"; sourceTree = BUILT_PRODUCTS_DIR; };
		ADC2F11F23C9D482005E376E /* AppDelegate.swift */ = {isa = PBXFileReference; lastKnownFileType = sourcecode.swift; path = AppDelegate.swift; sourceTree = "<group>"; };
		ADC2F12123C9D482005E376E /* ViewController.swift */ = {isa = PBXFileReference; lastKnownFileType = sourcecode.swift; path = ViewController.swift; sourceTree = "<group>"; };
		ADC2F12423C9D482005E376E /* Base */ = {isa = PBXFileReference; lastKnownFileType = file.storyboard; name = Base; path = Base.lproj/Main.storyboard; sourceTree = "<group>"; };
		ADC2F12623C9D484005E376E /* Assets.xcassets */ = {isa = PBXFileReference; lastKnownFileType = folder.assetcatalog; path = Assets.xcassets; sourceTree = "<group>"; };
		ADC2F12923C9D484005E376E /* Base */ = {isa = PBXFileReference; lastKnownFileType = file.storyboard; name = Base; path = Base.lproj/LaunchScreen.storyboard; sourceTree = "<group>"; };
		ADC2F12B23C9D484005E376E /* Info.plist */ = {isa = PBXFileReference; lastKnownFileType = text.plist.xml; path = Info.plist; sourceTree = "<group>"; };
		ADC2F13023C9D484005E376E /* My projectTests.xctest */ = {isa = PBXFileReference; explicitFileType = wrapper.cfbundle; includeInIndex = 0; path = "My projectTests.xctest"; sourceTree = BUILT_PRODUCTS_DIR; };
		ADC2F13423C9D484005E376E /* My_projectTests.swift */ = {isa = PBXFileReference; lastKnownFileType = sourcecode.swift; path = My_projectTests.swift; sourceTree = "<group>"; };
		ADC2F13623C9D484005E376E /* Info.plist */ = {isa = PBXFileReference; lastKnownFileType = text.plist.xml; path = Info.plist; sourceTree = "<group>"; };
		ADC2F13B23C9D484005E376E /* My projectUITests.xctest */ = {isa = PBXFileReference; explicitFileType = wrapper.cfbundle; includeInIndex = 0; path = "My projectUITests.xctest"; sourceTree = BUILT_PRODUCTS_DIR; };
		ADC2F13F23C9D484005E376E /* My_projectUITests.swift */ = {isa = PBXFileReference; lastKnownFileType = sourcecode.swift; path = My_projectUITests.swift; sourceTree = "<group>"; };
		ADC2F14123C9D484005E376E /* Info.plist */ = {isa = PBXFileReference; lastKnownFileType = text.plist.xml; path = Info.plist; sourceTree = "<group>"; };
		ADC2F16323E5868D005E376E /* c.jpg */ = {isa = PBXFileReference; lastKnownFileType = image.jpeg; path = c.jpg; sourceTree = "<group>"; };
		ADC2F16423E5868D005E376E /* g.jpg */ = {isa = PBXFileReference; lastKnownFileType = image.jpeg; path = g.jpg; sourceTree = "<group>"; };
		ADC2F16523E5868D005E376E /* f.jpg */ = {isa = PBXFileReference; lastKnownFileType = image.jpeg; path = f.jpg; sourceTree = "<group>"; };
		ADC2F16623E5868D005E376E /* a.jpg */ = {isa = PBXFileReference; lastKnownFileType = image.jpeg; path = a.jpg; sourceTree = "<group>"; };
		ADC2F16723E5868D005E376E /* e.jpg */ = {isa = PBXFileReference; lastKnownFileType = image.jpeg; path = e.jpg; sourceTree = "<group>"; };
		ADC2F16823E5868D005E376E /* d.jpg */ = {isa = PBXFileReference; lastKnownFileType = image.jpeg; path = d.jpg; sourceTree = "<group>"; };
		ADC2F16923E5868D005E376E /* b.jpg */ = {isa = PBXFileReference; lastKnownFileType = image.jpeg; path = b.jpg; sourceTree = "<group>"; };
/* End PBXFileReference section */

/* Begin PBXFrameworksBuildPhase section */
		ADC2F11923C9D482005E376E /* Frameworks */ = {
			isa = PBXFrameworksBuildPhase;
			buildActionMask = 2147483647;
			files = (
			);
			runOnlyForDeploymentPostprocessing = 0;
		};
		ADC2F12D23C9D484005E376E /* Frameworks */ = {
			isa = PBXFrameworksBuildPhase;
			buildActionMask = 2147483647;
			files = (
			);
			runOnlyForDeploymentPostprocessing = 0;
		};
		ADC2F13823C9D484005E376E /* Frameworks */ = {
			isa = PBXFrameworksBuildPhase;
			buildActionMask = 2147483647;
			files = (
			);
			runOnlyForDeploymentPostprocessing = 0;
		};
/* End PBXFrameworksBuildPhase section */

/* Begin PBXGroup section */
		ADC2F11323C9D482005E376E = {
			isa = PBXGroup;
			children = (
				ADC2F11E23C9D482005E376E /* My project */,
				ADC2F13323C9D484005E376E /* My projectTests */,
				ADC2F13E23C9D484005E376E /* My projectUITests */,
				ADC2F11D23C9D482005E376E /* Products */,
			);
			sourceTree = "<group>";
		};
		ADC2F11D23C9D482005E376E /* Products */ = {
			isa = PBXGroup;
			children = (
				ADC2F11C23C9D482005E376E /* My project.app */,
				ADC2F13023C9D484005E376E /* My projectTests.xctest */,
				ADC2F13B23C9D484005E376E /* My projectUITests.xctest */,
			);
			name = Products;
			sourceTree = "<group>";
		};
		ADC2F11E23C9D482005E376E /* My project */ = {
			isa = PBXGroup;
			children = (
				ADC2F11F23C9D482005E376E /* AppDelegate.swift */,
				ADC2F12123C9D482005E376E /* ViewController.swift */,
				ADC2F12323C9D482005E376E /* Main.storyboard */,
				ADC2F12623C9D484005E376E /* Assets.xcassets */,
				ADC2F16623E5868D005E376E /* a.jpg */,
				ADC2F16923E5868D005E376E /* b.jpg */,
				ADC2F16323E5868D005E376E /* c.jpg */,
				ADC2F16823E5868D005E376E /* d.jpg */,
				ADC2F16723E5868D005E376E /* e.jpg */,
				ADC2F16523E5868D005E376E /* f.jpg */,
				ADC2F16423E5868D005E376E /* g.jpg */,
				ADC2F12823C9D484005E376E /* LaunchScreen.storyboard */,
				ADC2F12B23C9D484005E376E /* Info.plist */,
			);
			path = "My project";
			sourceTree = "<group>";
		};
		ADC2F13323C9D484005E376E /* My projectTests */ = {
			isa = PBXGroup;
			children = (
				ADC2F13423C9D484005E376E /* My_projectTests.swift */,
				ADC2F13623C9D484005E376E /* Info.plist */,
			);
			path = "My projectTests";
			sourceTree = "<group>";
		};
		ADC2F13E23C9D484005E376E /* My projectUITests */ = {
			isa = PBXGroup;
			children = (
				ADC2F13F23C9D484005E376E /* My_projectUITests.swift */,
				ADC2F14123C9D484005E376E /* Info.plist */,
			);
			path = "My projectUITests";
			sourceTree = "<group>";
		};
/* End PBXGroup section */

/* Begin PBXNativeTarget section */
		ADC2F11B23C9D482005E376E /* My project */ = {
			isa = PBXNativeTarget;
			buildConfigurationList = ADC2F14423C9D484005E376E /* Build configuration list for PBXNativeTarget "My project" */;
			buildPhases = (
				ADC2F11823C9D482005E376E /* Sources */,
				ADC2F11923C9D482005E376E /* Frameworks */,
				ADC2F11A23C9D482005E376E /* Resources */,
			);
			buildRules = (
			);
			dependencies = (
			);
			name = "My project";
			productName = "My project";
			productReference = ADC2F11C23C9D482005E376E /* My project.app */;
			productType = "com.apple.product-type.application";
		};
		ADC2F12F23C9D484005E376E /* My projectTests */ = {
			isa = PBXNativeTarget;
			buildConfigurationList = ADC2F14723C9D484005E376E /* Build configuration list for PBXNativeTarget "My projectTests" */;
			buildPhases = (
				ADC2F12C23C9D484005E376E /* Sources */,
				ADC2F12D23C9D484005E376E /* Frameworks */,
				ADC2F12E23C9D484005E376E /* Resources */,
			);
			buildRules = (
			);
			dependencies = (
				ADC2F13223C9D484005E376E /* PBXTargetDependency */,
			);
			name = "My projectTests";
			productName = "My projectTests";
			productReference = ADC2F13023C9D484005E376E /* My projectTests.xctest */;
			productType = "com.apple.product-type.bundle.unit-test";
		};
		ADC2F13A23C9D484005E376E /* My projectUITests */ = {
			isa = PBXNativeTarget;
			buildConfigurationList = ADC2F14A23C9D484005E376E /* Build configuration list for PBXNativeTarget "My projectUITests" */;
			buildPhases = (
				ADC2F13723C9D484005E376E /* Sources */,
				ADC2F13823C9D484005E376E /* Frameworks */,
				ADC2F13923C9D484005E376E /* Resources */,
			);
			buildRules = (
			);
			dependencies = (
				ADC2F13D23C9D484005E376E /* PBXTargetDependency */,
			);
			name = "My projectUITests";
			productName = "My projectUITests";
			productReference = ADC2F13B23C9D484005E376E /* My projectUITests.xctest */;
			productType = "com.apple.product-type.bundle.ui-testing";
		};
/* End PBXNativeTarget section */

/* Begin PBXProject section */
		ADC2F11423C9D482005E376E /* Project object */ = {
			isa = PBXProject;
			attributes = {
				LastSwiftUpdateCheck = 1020;
				LastUpgradeCheck = 1020;
				ORGANIZATIONNAME = "黒田桜介";
				TargetAttributes = {
					ADC2F11B23C9D482005E376E = {
						CreatedOnToolsVersion = 10.2.1;
					};
					ADC2F12F23C9D484005E376E = {
						CreatedOnToolsVersion = 10.2.1;
						TestTargetID = ADC2F11B23C9D482005E376E;
					};
					ADC2F13A23C9D484005E376E = {
						CreatedOnToolsVersion = 10.2.1;
						TestTargetID = ADC2F11B23C9D482005E376E;
					};
				};
			};
			buildConfigurationList = ADC2F11723C9D482005E376E /* Build configuration list for PBXProject "My project" */;
			compatibilityVersion = "Xcode 9.3";
			developmentRegion = en;
			hasScannedForEncodings = 0;
			knownRegions = (
				en,
				Base,
			);
			mainGroup = ADC2F11323C9D482005E376E;
			productRefGroup = ADC2F11D23C9D482005E376E /* Products */;
			projectDirPath = "";
			projectRoot = "";
			targets = (
				ADC2F11B23C9D482005E376E /* My project */,
				ADC2F12F23C9D484005E376E /* My projectTests */,
				ADC2F13A23C9D484005E376E /* My projectUITests */,
			);
		};
/* End PBXProject section */

/* Begin PBXResourcesBuildPhase section */
		ADC2F11A23C9D482005E376E /* Resources */ = {
			isa = PBXResourcesBuildPhase;
			buildActionMask = 2147483647;
			files = (
				ADC2F16C23E5868D005E376E /* f.jpg in Resources */,
				ADC2F16E23E5868D005E376E /* e.jpg in Resources */,
				ADC2F12A23C9D484005E376E /* LaunchScreen.storyboard in Resources */,
				ADC2F16B23E5868D005E376E /* g.jpg in Resources */,
				ADC2F16D23E5868D005E376E /* a.jpg in Resources */,
				ADC2F12723C9D484005E376E /* Assets.xcassets in Resources */,
				ADC2F17023E5868D005E376E /* b.jpg in Resources */,
				ADC2F16F23E5868D005E376E /* d.jpg in Resources */,
				ADC2F12523C9D482005E376E /* Main.storyboard in Resources */,
				ADC2F16A23E5868D005E376E /* c.jpg in Resources */,
			);
			runOnlyForDeploymentPostprocessing = 0;
		};
		ADC2F12E23C9D484005E376E /* Resources */ = {
			isa = PBXResourcesBuildPhase;
			buildActionMask = 2147483647;
			files = (
			);
			runOnlyForDeploymentPostprocessing = 0;
		};
		ADC2F13923C9D484005E376E /* Resources */ = {
			isa = PBXResourcesBuildPhase;
			buildActionMask = 2147483647;
			files = (
			);
			runOnlyForDeploymentPostprocessing = 0;
		};
/* End PBXResourcesBuildPhase section */

/* Begin PBXSourcesBuildPhase section */
		ADC2F11823C9D482005E376E /* Sources */ = {
			isa = PBXSourcesBuildPhase;
			buildActionMask = 2147483647;
			files = (
				ADC2F12223C9D482005E376E /* ViewController.swift in Sources */,
				ADC2F12023C9D482005E376E /* AppDelegate.swift in Sources */,
			);
			runOnlyForDeploymentPostprocessing = 0;
		};
		ADC2F12C23C9D484005E376E /* Sources */ = {
			isa = PBXSourcesBuildPhase;
			buildActionMask = 2147483647;
			files = (
				ADC2F13523C9D484005E376E /* My_projectTests.swift in Sources */,
			);
			runOnlyForDeploymentPostprocessing = 0;
		};
		ADC2F13723C9D484005E376E /* Sources */ = {
			isa = PBXSourcesBuildPhase;
			buildActionMask = 2147483647;
			files = (
				ADC2F14023C9D484005E376E /* My_projectUITests.swift in Sources */,
			);
			runOnlyForDeploymentPostprocessing = 0;
		};
/* End PBXSourcesBuildPhase section */

/* Begin PBXTargetDependency section */
		ADC2F13223C9D484005E376E /* PBXTargetDependency */ = {
			isa = PBXTargetDependency;
			target = ADC2F11B23C9D482005E376E /* My project */;
			targetProxy = ADC2F13123C9D484005E376E /* PBXContainerItemProxy */;
		};
		ADC2F13D23C9D484005E376E /* PBXTargetDependency */ = {
			isa = PBXTargetDependency;
			target = ADC2F11B23C9D482005E376E /* My project */;
			targetProxy = ADC2F13C23C9D484005E376E /* PBXContainerItemProxy */;
		};
/* End PBXTargetDependency section */

/* Begin PBXVariantGroup section */
		ADC2F12323C9D482005E376E /* Main.storyboard */ = {
			isa = PBXVariantGroup;
			children = (
				ADC2F12423C9D482005E376E /* Base */,
			);
			name = Main.storyboard;
			sourceTree = "<group>";
		};
		ADC2F12823C9D484005E376E /* LaunchScreen.storyboard */ = {
			isa = PBXVariantGroup;
			children = (
				ADC2F12923C9D484005E376E /* Base */,
			);
			name = LaunchScreen.storyboard;
			sourceTree = "<group>";
		};
/* End PBXVariantGroup section */

/* Begin XCBuildConfiguration section */
		ADC2F14223C9D484005E376E /* Debug */ = {
			isa = XCBuildConfiguration;
			buildSettings = {
				ALWAYS_SEARCH_USER_PATHS = NO;
				CLANG_ANALYZER_NONNULL = YES;
				CLANG_ANALYZER_NUMBER_OBJECT_CONVERSION = YES_AGGRESSIVE;
				CLANG_CXX_LANGUAGE_STANDARD = "gnu++14";
				CLANG_CXX_LIBRARY = "libc++";
				CLANG_ENABLE_MODULES = YES;
				CLANG_ENABLE_OBJC_ARC = YES;
				CLANG_ENABLE_OBJC_WEAK = YES;
				CLANG_WARN_BLOCK_CAPTURE_AUTORELEASING = YES;
				CLANG_WARN_BOOL_CONVERSION = YES;
				CLANG_WARN_COMMA = YES;
				CLANG_WARN_CONSTANT_CONVERSION = YES;
				CLANG_WARN_DEPRECATED_OBJC_IMPLEMENTATIONS = YES;
				CLANG_WARN_DIRECT_OBJC_ISA_USAGE = YES_ERROR;
				CLANG_WARN_DOCUMENTATION_COMMENTS = YES;
				CLANG_WARN_EMPTY_BODY = YES;
				CLANG_WARN_ENUM_CONVERSION = YES;
				CLANG_WARN_INFINITE_RECURSION = YES;
				CLANG_WARN_INT_CONVERSION = YES;
				CLANG_WARN_NON_LITERAL_NULL_CONVERSION = YES;
				CLANG_WARN_OBJC_IMPLICIT_RETAIN_SELF = YES;
				CLANG_WARN_OBJC_LITERAL_CONVERSION = YES;
				CLANG_WARN_OBJC_ROOT_CLASS = YES_ERROR;
				CLANG_WARN_RANGE_LOOP_ANALYSIS = YES;
				CLANG_WARN_STRICT_PROTOTYPES = YES;
				CLANG_WARN_SUSPICIOUS_MOVE = YES;
				CLANG_WARN_UNGUARDED_AVAILABILITY = YES_AGGRESSIVE;
				CLANG_WARN_UNREACHABLE_CODE = YES;
				CLANG_WARN__DUPLICATE_METHOD_MATCH = YES;
				CODE_SIGN_IDENTITY = "iPhone Developer";
				COPY_PHASE_STRIP = NO;
				DEBUG_INFORMATION_FORMAT = dwarf;
				ENABLE_STRICT_OBJC_MSGSEND = YES;
				ENABLE_TESTABILITY = YES;
				GCC_C_LANGUAGE_STANDARD = gnu11;
				GCC_DYNAMIC_NO_PIC = NO;
				GCC_NO_COMMON_BLOCKS = YES;
				GCC_OPTIMIZATION_LEVEL = 0;
				GCC_PREPROCESSOR_DEFINITIONS = (
					"DEBUG=1",
					"$(inherited)",
				);
				GCC_WARN_64_TO_32_BIT_CONVERSION = YES;
				GCC_WARN_ABOUT_RETURN_TYPE = YES_ERROR;
				GCC_WARN_UNDECLARED_SELECTOR = YES;
				GCC_WARN_UNINITIALIZED_AUTOS = YES_AGGRESSIVE;
				GCC_WARN_UNUSED_FUNCTION = YES;
				GCC_WARN_UNUSED_VARIABLE = YES;
				IPHONEOS_DEPLOYMENT_TARGET = 12.2;
				MTL_ENABLE_DEBUG_INFO = INCLUDE_SOURCE;
				MTL_FAST_MATH = YES;
				ONLY_ACTIVE_ARCH = YES;
				SDKROOT = iphoneos;
				SWIFT_ACTIVE_COMPILATION_CONDITIONS = DEBUG;
				SWIFT_OPTIMIZATION_LEVEL = "-Onone";
			};
			name = Debug;
		};
		ADC2F14323C9D484005E376E /* Release */ = {
			isa = XCBuildConfiguration;
			buildSettings = {
				ALWAYS_SEARCH_USER_PATHS = NO;
				CLANG_ANALYZER_NONNULL = YES;
				CLANG_ANALYZER_NUMBER_OBJECT_CONVERSION = YES_AGGRESSIVE;
				CLANG_CXX_LANGUAGE_STANDARD = "gnu++14";
				CLANG_CXX_LIBRARY = "libc++";
				CLANG_ENABLE_MODULES = YES;
				CLANG_ENABLE_OBJC_ARC = YES;
				CLANG_ENABLE_OBJC_WEAK = YES;
				CLANG_WARN_BLOCK_CAPTURE_AUTORELEASING = YES;
				CLANG_WARN_BOOL_CONVERSION = YES;
				CLANG_WARN_COMMA = YES;
				CLANG_WARN_CONSTANT_CONVERSION = YES;
				CLANG_WARN_DEPRECATED_OBJC_IMPLEMENTATIONS = YES;
				CLANG_WARN_DIRECT_OBJC_ISA_USAGE = YES_ERROR;
				CLANG_WARN_DOCUMENTATION_COMMENTS = YES;
				CLANG_WARN_EMPTY_BODY = YES;
				CLANG_WARN_ENUM_CONVERSION = YES;
				CLANG_WARN_INFINITE_RECURSION = YES;
				CLANG_WARN_INT_CONVERSION = YES;
				CLANG_WARN_NON_LITERAL_NULL_CONVERSION = YES;
				CLANG_WARN_OBJC_IMPLICIT_RETAIN_SELF = YES;
				CLANG_WARN_OBJC_LITERAL_CONVERSION = YES;
				CLANG_WARN_OBJC_ROOT_CLASS = YES_ERROR;
				CLANG_WARN_RANGE_LOOP_ANALYSIS = YES;
				CLANG_WARN_STRICT_PROTOTYPES = YES;
				CLANG_WARN_SUSPICIOUS_MOVE = YES;
				CLANG_WARN_UNGUARDED_AVAILABILITY = YES_AGGRESSIVE;
				CLANG_WARN_UNREACHABLE_CODE = YES;
				CLANG_WARN__DUPLICATE_METHOD_MATCH = YES;
				CODE_SIGN_IDENTITY = "iPhone Developer";
				COPY_PHASE_STRIP = NO;
				DEBUG_INFORMATION_FORMAT = "dwarf-with-dsym";
				ENABLE_NS_ASSERTIONS = NO;
				ENABLE_STRICT_OBJC_MSGSEND = YES;
				GCC_C_LANGUAGE_STANDARD = gnu11;
				GCC_NO_COMMON_BLOCKS = YES;
				GCC_WARN_64_TO_32_BIT_CONVERSION = YES;
				GCC_WARN_ABOUT_RETURN_TYPE = YES_ERROR;
				GCC_WARN_UNDECLARED_SELECTOR = YES;
				GCC_WARN_UNINITIALIZED_AUTOS = YES_AGGRESSIVE;
				GCC_WARN_UNUSED_FUNCTION = YES;
				GCC_WARN_UNUSED_VARIABLE = YES;
				IPHONEOS_DEPLOYMENT_TARGET = 12.2;
				MTL_ENABLE_DEBUG_INFO = NO;
				MTL_FAST_MATH = YES;
				SDKROOT = iphoneos;
				SWIFT_COMPILATION_MODE = wholemodule;
				SWIFT_OPTIMIZATION_LEVEL = "-O";
				VALIDATE_PRODUCT = YES;
			};
			name = Release;
		};
		ADC2F14523C9D484005E376E /* Debug */ = {
			isa = XCBuildConfiguration;
			buildSettings = {
				ASSETCATALOG_COMPILER_APPICON_NAME = AppIcon;
				CODE_SIGN_STYLE = Automatic;
				INFOPLIST_FILE = "My project/Info.plist";
				LD_RUNPATH_SEARCH_PATHS = (
					"$(inherited)",
					"@executable_path/Frameworks",
				);
				PRODUCT_BUNDLE_IDENTIFIER = "com.litech.My-project";
				PRODUCT_NAME = "$(TARGET_NAME)";
				SWIFT_VERSION = 5.0;
				TARGETED_DEVICE_FAMILY = "1,2";
			};
			name = Debug;
		};
		ADC2F14623C9D484005E376E /* Release */ = {
			isa = XCBuildConfiguration;
			buildSettings = {
				ASSETCATALOG_COMPILER_APPICON_NAME = AppIcon;
				CODE_SIGN_STYLE = Automatic;
				INFOPLIST_FILE = "My project/Info.plist";
				LD_RUNPATH_SEARCH_PATHS = (
					"$(inherited)",
					"@executable_path/Frameworks",
				);
				PRODUCT_BUNDLE_IDENTIFIER = "com.litech.My-project";
				PRODUCT_NAME = "$(TARGET_NAME)";
				SWIFT_VERSION = 5.0;
				TARGETED_DEVICE_FAMILY = "1,2";
			};
			name = Release;
		};
		ADC2F14823C9D484005E376E /* Debug */ = {
			isa = XCBuildConfiguration;
			buildSettings = {
				ALWAYS_EMBED_SWIFT_STANDARD_LIBRARIES = YES;
				BUNDLE_LOADER = "$(TEST_HOST)";
				CODE_SIGN_STYLE = Automatic;
				INFOPLIST_FILE = "My projectTests/Info.plist";
				LD_RUNPATH_SEARCH_PATHS = (
					"$(inherited)",
					"@executable_path/Frameworks",
					"@loader_path/Frameworks",
				);
				PRODUCT_BUNDLE_IDENTIFIER = "com.litech.My-projectTests";
				PRODUCT_NAME = "$(TARGET_NAME)";
				SWIFT_VERSION = 5.0;
				TARGETED_DEVICE_FAMILY = "1,2";
				TEST_HOST = "$(BUILT_PRODUCTS_DIR)/My project.app/My project";
			};
			name = Debug;
		};
		ADC2F14923C9D484005E376E /* Release */ = {
			isa = XCBuildConfiguration;
			buildSettings = {
				ALWAYS_EMBED_SWIFT_STANDARD_LIBRARIES = YES;
				BUNDLE_LOADER = "$(TEST_HOST)";
				CODE_SIGN_STYLE = Automatic;
				INFOPLIST_FILE = "My projectTests/Info.plist";
				LD_RUNPATH_SEARCH_PATHS = (
					"$(inherited)",
					"@executable_path/Frameworks",
					"@loader_path/Frameworks",
				);
				PRODUCT_BUNDLE_IDENTIFIER = "com.litech.My-projectTests";
				PRODUCT_NAME = "$(TARGET_NAME)";
				SWIFT_VERSION = 5.0;
				TARGETED_DEVICE_FAMILY = "1,2";
				TEST_HOST = "$(BUILT_PRODUCTS_DIR)/My project.app/My project";
			};
			name = Release;
		};
		ADC2F14B23C9D484005E376E /* Debug */ = {
			isa = XCBuildConfiguration;
			buildSettings = {
				ALWAYS_EMBED_SWIFT_STANDARD_LIBRARIES = YES;
				CODE_SIGN_STYLE = Automatic;
				INFOPLIST_FILE = "My projectUITests/Info.plist";
				LD_RUNPATH_SEARCH_PATHS = (
					"$(inherited)",
					"@executable_path/Frameworks",
					"@loader_path/Frameworks",
				);
				PRODUCT_BUNDLE_IDENTIFIER = "com.litech.My-projectUITests";
				PRODUCT_NAME = "$(TARGET_NAME)";
				SWIFT_VERSION = 5.0;
				TARGETED_DEVICE_FAMILY = "1,2";
				TEST_TARGET_NAME = "My project";
			};
			name = Debug;
		};
		ADC2F14C23C9D484005E376E /* Release */ = {
			isa = XCBuildConfiguration;
			buildSettings = {
				ALWAYS_EMBED_SWIFT_STANDARD_LIBRARIES = YES;
				CODE_SIGN_STYLE = Automatic;
				INFOPLIST_FILE = "My projectUITests/Info.plist";
				LD_RUNPATH_SEARCH_PATHS = (
					"$(inherited)",
					"@executable_path/Frameworks",
					"@loader_path/Frameworks",
				);
				PRODUCT_BUNDLE_IDENTIFIER = "com.litech.My-projectUITests";
				PRODUCT_NAME = "$(TARGET_NAME)";
				SWIFT_VERSION = 5.0;
				TARGETED_DEVICE_FAMILY = "1,2";
				TEST_TARGET_NAME = "My project";
			};
			name = Release;
		};
/* End XCBuildConfiguration section */

/* Begin XCConfigurationList section */
		ADC2F11723C9D482005E376E /* Build configuration list for PBXProject "My project" */ = {
			isa = XCConfigurationList;
			buildConfigurations = (
				ADC2F14223C9D484005E376E /* Debug */,
				ADC2F14323C9D484005E376E /* Release */,
			);
			defaultConfigurationIsVisible = 0;
			defaultConfigurationName = Release;
		};
		ADC2F14423C9D484005E376E /* Build configuration list for PBXNativeTarget "My project" */ = {
			isa = XCConfigurationList;
			buildConfigurations = (
				ADC2F14523C9D484005E376E /* Debug */,
				ADC2F14623C9D484005E376E /* Release */,
			);
			defaultConfigurationIsVisible = 0;
			defaultConfigurationName = Release;
		};
		ADC2F14723C9D484005E376E /* Build configuration list for PBXNativeTarget "My projectTests" */ = {
			isa = XCConfigurationList;
			buildConfigurations = (
				ADC2F14823C9D484005E376E /* Debug */,
				ADC2F14923C9D484005E376E /* Release */,
			);
			defaultConfigurationIsVisible = 0;
			defaultConfigurationName = Release;
		};
		ADC2F14A23C9D484005E376E /* Build configuration list for PBXNativeTarget "My projectUITests" */ = {
			isa = XCConfigurationList;
			buildConfigurations = (
				ADC2F14B23C9D484005E376E /* Debug */,
				ADC2F14C23C9D484005E376E /* Release */,
			);
			defaultConfigurationIsVisible = 0;
			defaultConfigurationName = Release;
		};
/* End XCConfigurationList section */
	};
	rootObject = ADC2F11423C9D482005E376E /* Project object */;
}
